
Microsoft Visual Studio Solution File, Format Version 12.00
# Visual Studio 15
VisualStudioVersion = 15.0.28307.572
MinimumVisualStudioVersion = 10.0.40219.1
Project("{2150E333-8FDC-42A3-9474-1A3956D46DE8}") = "src", "src", "{3B0269B1-D87A-44CF-A33F-316FA4335C5B}"
EndProject
Project("{2150E333-8FDC-42A3-9474-1A3956D46DE8}") = "test", "test", "{E9804E9C-455B-48D9-967B-4CA91E4C5AC8}"
EndProject
Project("{9A19103F-16F7-4668-BE54-9A1E7A4F7556}") = "YiDian.EventBus", "src\YiDian.EventBus\YiDian.EventBus.csproj", "{F1D04ECA-30DD-4D07-A444-AF0E30D7425E}"
EndProject
Project("{9A19103F-16F7-4668-BE54-9A1E7A4F7556}") = "YiDian.EventBus.MQ", "src\YiDian.EventBus.MQ\YiDian.EventBus.MQ.csproj", "{EADD2B03-C9E6-474D-B7DD-7159106EB5A0}"
EndProject
Project("{9A19103F-16F7-4668-BE54-9A1E7A4F7556}") = "PubMessage", "test\ConsoleApp\PubMessage.csproj", "{31FF95AC-8FBE-4C09-ACF6-5ED22D100ED9}"
EndProject
Project("{9A19103F-16F7-4668-BE54-9A1E7A4F7556}") = "YiDian.Soa.Sp", "src\ML.Soa.Sp\YiDian.Soa.Sp.csproj", "{99602582-5D8B-4065-93F2-3399267732EF}"
EndProject
Project("{FAE04EC0-301F-11D3-BF4B-00C04F79EFBC}") = "Consumer", "test\Consumer\Consumer.csproj", "{7A9C3871-170F-437E-BCF3-698F0C22777E}"
EndProject
Global
	GlobalSection(SolutionConfigurationPlatforms) = preSolution
		Debug|Any CPU = Debug|Any CPU
		Release|Any CPU = Release|Any CPU
	EndGlobalSection
	GlobalSection(ProjectConfigurationPlatforms) = postSolution
		{F1D04ECA-30DD-4D07-A444-AF0E30D7425E}.Debug|Any CPU.ActiveCfg = Debug|Any CPU
		{F1D04ECA-30DD-4D07-A444-AF0E30D7425E}.Debug|Any CPU.Build.0 = Debug|Any CPU
		{F1D04ECA-30DD-4D07-A444-AF0E30D7425E}.Release|Any CPU.ActiveCfg = Release|Any CPU
		{F1D04ECA-30DD-4D07-A444-AF0E30D7425E}.Release|Any CPU.Build.0 = Release|Any CPU
		{EADD2B03-C9E6-474D-B7DD-7159106EB5A0}.Debug|Any CPU.ActiveCfg = Debug|Any CPU
		{EADD2B03-C9E6-474D-B7DD-7159106EB5A0}.Debug|Any CPU.Build.0 = Debug|Any CPU
		{EADD2B03-C9E6-474D-B7DD-7159106EB5A0}.Release|Any CPU.ActiveCfg = Release|Any CPU
		{EADD2B03-C9E6-474D-B7DD-7159106EB5A0}.Release|Any CPU.Build.0 = Release|Any CPU
		{31FF95AC-8FBE-4C09-ACF6-5ED22D100ED9}.Debug|Any CPU.ActiveCfg = Debug|Any CPU
		{31FF95AC-8FBE-4C09-ACF6-5ED22D100ED9}.Debug|Any CPU.Build.0 = Debug|Any CPU
		{31FF95AC-8FBE-4C09-ACF6-5ED22D100ED9}.Release|Any CPU.ActiveCfg = Release|Any CPU
		{31FF95AC-8FBE-4C09-ACF6-5ED22D100ED9}.Release|Any CPU.Build.0 = Release|Any CPU
		{99602582-5D8B-4065-93F2-3399267732EF}.Debug|Any CPU.ActiveCfg = Debug|Any CPU
		{99602582-5D8B-4065-93F2-3399267732EF}.Debug|Any CPU.Build.0 = Debug|Any CPU
		{99602582-5D8B-4065-93F2-3399267732EF}.Release|Any CPU.ActiveCfg = Release|Any CPU
		{99602582-5D8B-4065-93F2-3399267732EF}.Release|Any CPU.Build.0 = Release|Any CPU
		{7A9C3871-170F-437E-BCF3-698F0C22777E}.Debug|Any CPU.ActiveCfg = Debug|Any CPU
		{7A9C3871-170F-437E-BCF3-698F0C22777E}.Debug|Any CPU.Build.0 = Debug|Any CPU
		{7A9C3871-170F-437E-BCF3-698F0C22777E}.Release|Any CPU.ActiveCfg = Release|Any CPU
		{7A9C3871-170F-437E-BCF3-698F0C22777E}.Release|Any CPU.Build.0 = Release|Any CPU
	EndGlobalSection
	GlobalSection(SolutionProperties) = preSolution
		HideSolutionNode = FALSE
	EndGlobalSection
	GlobalSection(NestedProjects) = preSolution
		{F1D04ECA-30DD-4D07-A444-AF0E30D7425E} = {3B0269B1-D87A-44CF-A33F-316FA4335C5B}
		{EADD2B03-C9E6-474D-B7DD-7159106EB5A0} = {3B0269B1-D87A-44CF-A33F-316FA4335C5B}
		{31FF95AC-8FBE-4C09-ACF6-5ED22D100ED9} = {E9804E9C-455B-48D9-967B-4CA91E4C5AC8}
		{99602582-5D8B-4065-93F2-3399267732EF} = {3B0269B1-D87A-44CF-A33F-316FA4335C5B}
		{7A9C3871-170F-437E-BCF3-698F0C22777E} = {E9804E9C-455B-48D9-967B-4CA91E4C5AC8}
	EndGlobalSection
	GlobalSection(ExtensibilityGlobals) = postSolution
		SolutionGuid = {FB220EB0-928B-41BC-817E-F93FE9C9FDB8}
	EndGlobalSection
EndGlobal
